
Microsoft Visual Studio Solution File, Format Version 12.00
# Visual Studio 15
VisualStudioVersion = 15.0.28010.2019
MinimumVisualStudioVersion = 10.0.40219.1
Project("{FAE04EC0-301F-11D3-BF4B-00C04F79EFBC}") = "AnytaskHashTable", "AnytaskHashTable\AnytaskHashTable.csproj", "{34D634A8-A496-47F3-B901-5120B4DE9347}"
EndProject
Project("{FAE04EC0-301F-11D3-BF4B-00C04F79EFBC}") = "HashTable.Tests", "UnitTestProject1\HashTable.Tests.csproj", "{AC77A83F-AF23-4B20-B284-E0257FFF7D5A}"
EndProject
Global
	GlobalSection(SolutionConfigurationPlatforms) = preSolution
		Debug|Any CPU = Debug|Any CPU
		Release|Any CPU = Release|Any CPU
	EndGlobalSection
	GlobalSection(ProjectConfigurationPlatforms) = postSolution
		{34D634A8-A496-47F3-B901-5120B4DE9347}.Debug|Any CPU.ActiveCfg = Debug|Any CPU
		{34D634A8-A496-47F3-B901-5120B4DE9347}.Debug|Any CPU.Build.0 = Debug|Any CPU
		{34D634A8-A496-47F3-B901-5120B4DE9347}.Release|Any CPU.ActiveCfg = Release|Any CPU
		{34D634A8-A496-47F3-B901-5120B4DE9347}.Release|Any CPU.Build.0 = Release|Any CPU
		{AC77A83F-AF23-4B20-B284-E0257FFF7D5A}.Debug|Any CPU.ActiveCfg = Debug|Any CPU
		{AC77A83F-AF23-4B20-B284-E0257FFF7D5A}.Debug|Any CPU.Build.0 = Debug|Any CPU
		{AC77A83F-AF23-4B20-B284-E0257FFF7D5A}.Release|Any CPU.ActiveCfg = Release|Any CPU
		{AC77A83F-AF23-4B20-B284-E0257FFF7D5A}.Release|Any CPU.Build.0 = Release|Any CPU
	EndGlobalSection
	GlobalSection(SolutionProperties) = preSolution
		HideSolutionNode = FALSE
	EndGlobalSection
	GlobalSection(ExtensibilityGlobals) = postSolution
		SolutionGuid = {F851091F-B0AF-4B64-BC72-73945168E1AD}
	EndGlobalSection
EndGlobal
